// !$*UTF8*$!
{
	archiveVersion = 1;
	classes = {
	};
	objectVersion = 77;
	objects = {

/* Begin PBXBuildFile section */
		1211F9FB2D5B8C0B0027E8EC /* FirebaseAnalytics in Frameworks */ = {isa = PBXBuildFile; productRef = 1211F9FA2D5B8C0B0027E8EC /* FirebaseAnalytics */; };
		1211F9FD2D5B8C0B0027E8EC /* FirebaseAuth in Frameworks */ = {isa = PBXBuildFile; productRef = 1211F9FC2D5B8C0B0027E8EC /* FirebaseAuth */; };
		1211F9FF2D5B8C0B0027E8EC /* FirebaseFirestore in Frameworks */ = {isa = PBXBuildFile; productRef = 1211F9FE2D5B8C0B0027E8EC /* FirebaseFirestore */; };
		1211FA012D5B8C0B0027E8EC /* FirebaseFunctions in Frameworks */ = {isa = PBXBuildFile; productRef = 1211FA002D5B8C0B0027E8EC /* FirebaseFunctions */; };
		1211FA032D5B8C0B0027E8EC /* FirebaseMessaging in Frameworks */ = {isa = PBXBuildFile; productRef = 1211FA022D5B8C0B0027E8EC /* FirebaseMessaging */; };
		1211FD652D7516C90027E8EC /* MapboxNavigation in Frameworks */ = {isa = PBXBuildFile; productRef = 1211FD642D7516C90027E8EC /* MapboxNavigation */; };
		12C8A04D2D85D88D00287365 /* StoreKit.framework in Frameworks */ = {isa = PBXBuildFile; fileRef = 12C8A04C2D85D88D00287365 /* StoreKit.framework */; };
/* End PBXBuildFile section */

/* Begin PBXFileReference section */
		1211F9E82D5B8ACA0027E8EC /* ParkSmart.app */ = {isa = PBXFileReference; explicitFileType = wrapper.application; includeInIndex = 0; path = ParkSmart.app; sourceTree = BUILT_PRODUCTS_DIR; };
		12C8A04C2D85D88D00287365 /* StoreKit.framework */ = {isa = PBXFileReference; lastKnownFileType = wrapper.framework; name = StoreKit.framework; path = System/Library/Frameworks/StoreKit.framework; sourceTree = SDKROOT; };
/* End PBXFileReference section */

/* Begin PBXFileSystemSynchronizedBuildFileExceptionSet section */
		1211FBA42D6782AA0027E8EC /* Exceptions for "ParkSmart" folder in "ParkSmart" target */ = {
			isa = PBXFileSystemSynchronizedBuildFileExceptionSet;
			membershipExceptions = (
				a.swift,
				Info.plist,
				Phone.swift,
			);
			target = 1211F9E72D5B8ACA0027E8EC /* ParkSmart */;
		};
/* End PBXFileSystemSynchronizedBuildFileExceptionSet section */

/* Begin PBXFileSystemSynchronizedGroupBuildPhaseMembershipExceptionSet section */
		1211FE052D82DA1C0027E8EC /* Exceptions for "ParkSmart" folder in "Copy Bundle Resources" phase from "ParkSmart" target */ = {
			isa = PBXFileSystemSynchronizedGroupBuildPhaseMembershipExceptionSet;
			buildPhase = 1211F9E62D5B8ACA0027E8EC /* Resources */;
			membershipExceptions = (
				a.swift,
			);
		};
/* End PBXFileSystemSynchronizedGroupBuildPhaseMembershipExceptionSet section */

/* Begin PBXFileSystemSynchronizedRootGroup section */
		1211F9EA2D5B8ACA0027E8EC /* ParkSmart */ = {
			isa = PBXFileSystemSynchronizedRootGroup;
			exceptions = (
				1211FBA42D6782AA0027E8EC /* Exceptions for "ParkSmart" folder in "ParkSmart" target */,
				1211FE052D82DA1C0027E8EC /* Exceptions for "ParkSmart" folder in "Copy Bundle Resources" phase from "ParkSmart" target */,
			);
			path = ParkSmart;
			sourceTree = "<group>";
		};
/* End PBXFileSystemSynchronizedRootGroup section */

/* Begin PBXFrameworksBuildPhase section */
		1211F9E52D5B8ACA0027E8EC /* Frameworks */ = {
			isa = PBXFrameworksBuildPhase;
			buildActionMask = 2147483647;
			files = (
				1211F9FB2D5B8C0B0027E8EC /* FirebaseAnalytics in Frameworks */,
				12C8A04D2D85D88D00287365 /* StoreKit.framework in Frameworks */,
				1211FD652D7516C90027E8EC /* MapboxNavigation in Frameworks */,
				1211F9FD2D5B8C0B0027E8EC /* FirebaseAuth in Frameworks */,
				1211FA032D5B8C0B0027E8EC /* FirebaseMessaging in Frameworks */,
				1211F9FF2D5B8C0B0027E8EC /* FirebaseFirestore in Frameworks */,
				1211FA012D5B8C0B0027E8EC /* FirebaseFunctions in Frameworks */,
			);
			runOnlyForDeploymentPostprocessing = 0;
		};
/* End PBXFrameworksBuildPhase section */

/* Begin PBXGroup section */
		1211F9DF2D5B8ACA0027E8EC = {
			isa = PBXGroup;
			children = (
				1211F9EA2D5B8ACA0027E8EC /* ParkSmart */,
				12C8A04B2D85D88D00287365 /* Frameworks */,
				1211F9E92D5B8ACA0027E8EC /* Products */,
			);
			sourceTree = "<group>";
		};
		1211F9E92D5B8ACA0027E8EC /* Products */ = {
			isa = PBXGroup;
			children = (
				1211F9E82D5B8ACA0027E8EC /* ParkSmart.app */,
			);
			name = Products;
			sourceTree = "<group>";
		};
		12C8A04B2D85D88D00287365 /* Frameworks */ = {
			isa = PBXGroup;
			children = (
				12C8A04C2D85D88D00287365 /* StoreKit.framework */,
			);
			name = Frameworks;
			sourceTree = "<group>";
		};
/* End PBXGroup section */

/* Begin PBXNativeTarget section */
		1211F9E72D5B8ACA0027E8EC /* ParkSmart */ = {
			isa = PBXNativeTarget;
			buildConfigurationList = 1211F9F62D5B8ACC0027E8EC /* Build configuration list for PBXNativeTarget "ParkSmart" */;
			buildPhases = (
				1211F9E42D5B8ACA0027E8EC /* Sources */,
				1211F9E52D5B8ACA0027E8EC /* Frameworks */,
				1211F9E62D5B8ACA0027E8EC /* Resources */,
			);
			buildRules = (
			);
			dependencies = (
			);
			fileSystemSynchronizedGroups = (
				1211F9EA2D5B8ACA0027E8EC /* ParkSmart */,
			);
			name = ParkSmart;
			packageProductDependencies = (
				1211F9FA2D5B8C0B0027E8EC /* FirebaseAnalytics */,
				1211F9FC2D5B8C0B0027E8EC /* FirebaseAuth */,
				1211F9FE2D5B8C0B0027E8EC /* FirebaseFirestore */,
				1211FA002D5B8C0B0027E8EC /* FirebaseFunctions */,
				1211FA022D5B8C0B0027E8EC /* FirebaseMessaging */,
				1211FD642D7516C90027E8EC /* MapboxNavigation */,
			);
			productName = ParkSmart;
			productReference = 1211F9E82D5B8ACA0027E8EC /* ParkSmart.app */;
			productType = "com.apple.product-type.application";
		};
/* End PBXNativeTarget section */

/* Begin PBXProject section */
		1211F9E02D5B8ACA0027E8EC /* Project object */ = {
			isa = PBXProject;
			attributes = {
				BuildIndependentTargetsInParallel = 1;
				LastSwiftUpdateCheck = 1610;
				LastUpgradeCheck = 1610;
				TargetAttributes = {
					1211F9E72D5B8ACA0027E8EC = {
						CreatedOnToolsVersion = 16.1;
					};
				};
			};
			buildConfigurationList = 1211F9E32D5B8ACA0027E8EC /* Build configuration list for PBXProject "ParkSmart" */;
			developmentRegion = en;
			hasScannedForEncodings = 0;
			knownRegions = (
				en,
				Base,
			);
			mainGroup = 1211F9DF2D5B8ACA0027E8EC;
			minimizedProjectReferenceProxies = 1;
			packageReferences = (
				1211F9F92D5B8C0B0027E8EC /* XCRemoteSwiftPackageReference "firebase-ios-sdk" */,
				1211FD632D7516C90027E8EC /* XCRemoteSwiftPackageReference "maplibre-navigation-ios" */,
			);
			preferredProjectObjectVersion = 77;
			productRefGroup = 1211F9E92D5B8ACA0027E8EC /* Products */;
			projectDirPath = "";
			projectRoot = "";
			targets = (
				1211F9E72D5B8ACA0027E8EC /* ParkSmart */,
			);
		};
/* End PBXProject section */

/* Begin PBXResourcesBuildPhase section */
		1211F9E62D5B8ACA0027E8EC /* Resources */ = {
			isa = PBXResourcesBuildPhase;
			buildActionMask = 2147483647;
			files = (
			);
			runOnlyForDeploymentPostprocessing = 0;
		};
/* End PBXResourcesBuildPhase section */

/* Begin PBXSourcesBuildPhase section */
		1211F9E42D5B8ACA0027E8EC /* Sources */ = {
			isa = PBXSourcesBuildPhase;
			buildActionMask = 2147483647;
			files = (
			);
			runOnlyForDeploymentPostprocessing = 0;
		};
/* End PBXSourcesBuildPhase section */

/* Begin XCBuildConfiguration section */
		1211F9F42D5B8ACC0027E8EC /* Debug */ = {
			isa = XCBuildConfiguration;
			buildSettings = {
				ALWAYS_SEARCH_USER_PATHS = NO;
				ASSETCATALOG_COMPILER_GENERATE_SWIFT_ASSET_SYMBOL_EXTENSIONS = YES;
				CLANG_ANALYZER_NONNULL = YES;
				CLANG_ANALYZER_NUMBER_OBJECT_CONVERSION = YES_AGGRESSIVE;
				CLANG_CXX_LANGUAGE_STANDARD = "gnu++20";
				CLANG_ENABLE_MODULES = YES;
				CLANG_ENABLE_OBJC_ARC = YES;
				CLANG_ENABLE_OBJC_WEAK = YES;
				CLANG_WARN_BLOCK_CAPTURE_AUTORELEASING = YES;
				CLANG_WARN_BOOL_CONVERSION = YES;
				CLANG_WARN_COMMA = YES;
				CLANG_WARN_CONSTANT_CONVERSION = YES;
				CLANG_WARN_DEPRECATED_OBJC_IMPLEMENTATIONS = YES;
				CLANG_WARN_DIRECT_OBJC_ISA_USAGE = YES_ERROR;
				CLANG_WARN_DOCUMENTATION_COMMENTS = YES;
				CLANG_WARN_EMPTY_BODY = YES;
				CLANG_WARN_ENUM_CONVERSION = YES;
				CLANG_WARN_INFINITE_RECURSION = YES;
				CLANG_WARN_INT_CONVERSION = YES;
				CLANG_WARN_NON_LITERAL_NULL_CONVERSION = YES;
				CLANG_WARN_OBJC_IMPLICIT_RETAIN_SELF = YES;
				CLANG_WARN_OBJC_LITERAL_CONVERSION = YES;
				CLANG_WARN_OBJC_ROOT_CLASS = YES_ERROR;
				CLANG_WARN_QUOTED_INCLUDE_IN_FRAMEWORK_HEADER = YES;
				CLANG_WARN_RANGE_LOOP_ANALYSIS = YES;
				CLANG_WARN_STRICT_PROTOTYPES = YES;
				CLANG_WARN_SUSPICIOUS_MOVE = YES;
				CLANG_WARN_UNGUARDED_AVAILABILITY = YES_AGGRESSIVE;
				CLANG_WARN_UNREACHABLE_CODE = YES;
				CLANG_WARN__DUPLICATE_METHOD_MATCH = YES;
				COPY_PHASE_STRIP = NO;
				DEBUG_INFORMATION_FORMAT = dwarf;
				ENABLE_STRICT_OBJC_MSGSEND = YES;
				ENABLE_TESTABILITY = YES;
				ENABLE_USER_SCRIPT_SANDBOXING = YES;
				GCC_C_LANGUAGE_STANDARD = gnu17;
				GCC_DYNAMIC_NO_PIC = NO;
				GCC_NO_COMMON_BLOCKS = YES;
				GCC_OPTIMIZATION_LEVEL = 0;
				GCC_PREPROCESSOR_DEFINITIONS = (
					"DEBUG=1",
					"$(inherited)",
				);
				GCC_WARN_64_TO_32_BIT_CONVERSION = YES;
				GCC_WARN_ABOUT_RETURN_TYPE = YES_ERROR;
				GCC_WARN_UNDECLARED_SELECTOR = YES;
				GCC_WARN_UNINITIALIZED_AUTOS = YES_AGGRESSIVE;
				GCC_WARN_UNUSED_FUNCTION = YES;
				GCC_WARN_UNUSED_VARIABLE = YES;
				IPHONEOS_DEPLOYMENT_TARGET = 18.1;
				LOCALIZATION_PREFERS_STRING_CATALOGS = YES;
				MTL_ENABLE_DEBUG_INFO = INCLUDE_SOURCE;
				MTL_FAST_MATH = YES;
				ONLY_ACTIVE_ARCH = YES;
				SDKROOT = iphoneos;
				SWIFT_ACTIVE_COMPILATION_CONDITIONS = "DEBUG $(inherited)";
				SWIFT_OPTIMIZATION_LEVEL = "-Onone";
			};
			name = Debug;
		};
		1211F9F52D5B8ACC0027E8EC /* Release */ = {
			isa = XCBuildConfiguration;
			buildSettings = {
				ALWAYS_SEARCH_USER_PATHS = NO;
				ASSETCATALOG_COMPILER_GENERATE_SWIFT_ASSET_SYMBOL_EXTENSIONS = YES;
				CLANG_ANALYZER_NONNULL = YES;
				CLANG_ANALYZER_NUMBER_OBJECT_CONVERSION = YES_AGGRESSIVE;
				CLANG_CXX_LANGUAGE_STANDARD = "gnu++20";
				CLANG_ENABLE_MODULES = YES;
				CLANG_ENABLE_OBJC_ARC = YES;
				CLANG_ENABLE_OBJC_WEAK = YES;
				CLANG_WARN_BLOCK_CAPTURE_AUTORELEASING = YES;
				CLANG_WARN_BOOL_CONVERSION = YES;
				CLANG_WARN_COMMA = YES;
				CLANG_WARN_CONSTANT_CONVERSION = YES;
				CLANG_WARN_DEPRECATED_OBJC_IMPLEMENTATIONS = YES;
				CLANG_WARN_DIRECT_OBJC_ISA_USAGE = YES_ERROR;
				CLANG_WARN_DOCUMENTATION_COMMENTS = YES;
				CLANG_WARN_EMPTY_BODY = YES;
				CLANG_WARN_ENUM_CONVERSION = YES;
				CLANG_WARN_INFINITE_RECURSION = YES;
				CLANG_WARN_INT_CONVERSION = YES;
				CLANG_WARN_NON_LITERAL_NULL_CONVERSION = YES;
				CLANG_WARN_OBJC_IMPLICIT_RETAIN_SELF = YES;
				CLANG_WARN_OBJC_LITERAL_CONVERSION = YES;
				CLANG_WARN_OBJC_ROOT_CLASS = YES_ERROR;
				CLANG_WARN_QUOTED_INCLUDE_IN_FRAMEWORK_HEADER = YES;
				CLANG_WARN_RANGE_LOOP_ANALYSIS = YES;
				CLANG_WARN_STRICT_PROTOTYPES = YES;
				CLANG_WARN_SUSPICIOUS_MOVE = YES;
				CLANG_WARN_UNGUARDED_AVAILABILITY = YES_AGGRESSIVE;
				CLANG_WARN_UNREACHABLE_CODE = YES;
				CLANG_WARN__DUPLICATE_METHOD_MATCH = YES;
				COPY_PHASE_STRIP = NO;
				DEBUG_INFORMATION_FORMAT = "dwarf-with-dsym";
				ENABLE_NS_ASSERTIONS = NO;
				ENABLE_STRICT_OBJC_MSGSEND = YES;
				ENABLE_USER_SCRIPT_SANDBOXING = YES;
				GCC_C_LANGUAGE_STANDARD = gnu17;
				GCC_NO_COMMON_BLOCKS = YES;
				GCC_WARN_64_TO_32_BIT_CONVERSION = YES;
				GCC_WARN_ABOUT_RETURN_TYPE = YES_ERROR;
				GCC_WARN_UNDECLARED_SELECTOR = YES;
				GCC_WARN_UNINITIALIZED_AUTOS = YES_AGGRESSIVE;
				GCC_WARN_UNUSED_FUNCTION = YES;
				GCC_WARN_UNUSED_VARIABLE = YES;
				IPHONEOS_DEPLOYMENT_TARGET = 18.1;
				LOCALIZATION_PREFERS_STRING_CATALOGS = YES;
				MTL_ENABLE_DEBUG_INFO = NO;
				MTL_FAST_MATH = YES;
				SDKROOT = iphoneos;
				SWIFT_COMPILATION_MODE = wholemodule;
				VALIDATE_PRODUCT = YES;
			};
			name = Release;
		};
		1211F9F72D5B8ACC0027E8EC /* Debug */ = {
			isa = XCBuildConfiguration;
			buildSettings = {
				ASSETCATALOG_COMPILER_APPICON_NAME = AppIcon;
				ASSETCATALOG_COMPILER_GLOBAL_ACCENT_COLOR_NAME = AccentColor;
				CODE_SIGN_ENTITLEMENTS = ParkSmart/ParkSmart.entitlements;
				CODE_SIGN_STYLE = Automatic;
				CURRENT_PROJECT_VERSION = 1;
				DEVELOPMENT_ASSET_PATHS = "\"ParkSmart/Preview Content\"";
				DEVELOPMENT_TEAM = 9PL9JAVL6U;
				ENABLE_PREVIEWS = YES;
				GENERATE_INFOPLIST_FILE = YES;
				INFOPLIST_FILE = ParkSmart/Info.plist;
				INFOPLIST_KEY_LSApplicationCategoryType = "";
				INFOPLIST_KEY_NSLocationWhenInUseUsageDescription = "to show parking spots availaie";
				INFOPLIST_KEY_UIApplicationSceneManifest_Generation = YES;
				INFOPLIST_KEY_UIApplicationSupportsIndirectInputEvents = YES;
				INFOPLIST_KEY_UILaunchScreen_Generation = YES;
				INFOPLIST_KEY_UISupportedInterfaceOrientations_iPad = "UIInterfaceOrientationPortrait UIInterfaceOrientationPortraitUpsideDown UIInterfaceOrientationLandscapeLeft UIInterfaceOrientationLandscapeRight";
				INFOPLIST_KEY_UISupportedInterfaceOrientations_iPhone = "UIInterfaceOrientationPortrait UIInterfaceOrientationLandscapeLeft UIInterfaceOrientationLandscapeRight";
				LD_RUNPATH_SEARCH_PATHS = (
					"$(inherited)",
					"@executable_path/Frameworks",
				);
				MARKETING_VERSION = 1.0;
				PRODUCT_BUNDLE_IDENTIFIER = UniParkSmart.com;
				PRODUCT_NAME = "$(TARGET_NAME)";
				SUPPORTED_PLATFORMS = "iphoneos iphonesimulator";
				SUPPORTS_MACCATALYST = NO;
				SUPPORTS_MAC_DESIGNED_FOR_IPHONE_IPAD = NO;
				SUPPORTS_XR_DESIGNED_FOR_IPHONE_IPAD = NO;
				SWIFT_EMIT_LOC_STRINGS = YES;
				SWIFT_VERSION = 5.0;
				TARGETED_DEVICE_FAMILY = 1;
			};
			name = Debug;
		};
		1211F9F82D5B8ACC0027E8EC /* Release */ = {
			isa = XCBuildConfiguration;
			buildSettings = {
				ASSETCATALOG_COMPILER_APPICON_NAME = AppIcon;
				ASSETCATALOG_COMPILER_GLOBAL_ACCENT_COLOR_NAME = AccentColor;
				CODE_SIGN_ENTITLEMENTS = ParkSmart/ParkSmart.entitlements;
				CODE_SIGN_STYLE = Automatic;
				CURRENT_PROJECT_VERSION = 1;
				DEVELOPMENT_ASSET_PATHS = "\"ParkSmart/Preview Content\"";
				DEVELOPMENT_TEAM = 9PL9JAVL6U;
				ENABLE_PREVIEWS = YES;
				GENERATE_INFOPLIST_FILE = YES;
				INFOPLIST_FILE = ParkSmart/Info.plist;
				INFOPLIST_KEY_LSApplicationCategoryType = "";
				INFOPLIST_KEY_NSLocationWhenInUseUsageDescription = "to show parking spots availaie";
				INFOPLIST_KEY_UIApplicationSceneManifest_Generation = YES;
				INFOPLIST_KEY_UIApplicationSupportsIndirectInputEvents = YES;
				INFOPLIST_KEY_UILaunchScreen_Generation = YES;
				INFOPLIST_KEY_UISupportedInterfaceOrientations_iPad = "UIInterfaceOrientationPortrait UIInterfaceOrientationPortraitUpsideDown UIInterfaceOrientationLandscapeLeft UIInterfaceOrientationLandscapeRight";
				INFOPLIST_KEY_UISupportedInterfaceOrientations_iPhone = "UIInterfaceOrientationPortrait UIInterfaceOrientationLandscapeLeft UIInterfaceOrientationLandscapeRight";
				LD_RUNPATH_SEARCH_PATHS = (
					"$(inherited)",
					"@executable_path/Frameworks",
				);
				MARKETING_VERSION = 1.0;
				PRODUCT_BUNDLE_IDENTIFIER = UniParkSmart.com;
				PRODUCT_NAME = "$(TARGET_NAME)";
				SUPPORTED_PLATFORMS = "iphoneos iphonesimulator";
				SUPPORTS_MACCATALYST = NO;
				SUPPORTS_MAC_DESIGNED_FOR_IPHONE_IPAD = NO;
				SUPPORTS_XR_DESIGNED_FOR_IPHONE_IPAD = NO;
				SWIFT_EMIT_LOC_STRINGS = YES;
				SWIFT_VERSION = 5.0;
				TARGETED_DEVICE_FAMILY = 1;
			};
			name = Release;
		};
/* End XCBuildConfiguration section */

/* Begin XCConfigurationList section */
		1211F9E32D5B8ACA0027E8EC /* Build configuration list for PBXProject "ParkSmart" */ = {
			isa = XCConfigurationList;
			buildConfigurations = (
				1211F9F42D5B8ACC0027E8EC /* Debug */,
				1211F9F52D5B8ACC0027E8EC /* Release */,
			);
			defaultConfigurationIsVisible = 0;
			defaultConfigurationName = Release;
		};
		1211F9F62D5B8ACC0027E8EC /* Build configuration list for PBXNativeTarget "ParkSmart" */ = {
			isa = XCConfigurationList;
			buildConfigurations = (
				1211F9F72D5B8ACC0027E8EC /* Debug */,
				1211F9F82D5B8ACC0027E8EC /* Release */,
			);
			defaultConfigurationIsVisible = 0;
			defaultConfigurationName = Release;
		};
/* End XCConfigurationList section */

/* Begin XCRemoteSwiftPackageReference section */
		1211F9F92D5B8C0B0027E8EC /* XCRemoteSwiftPackageReference "firebase-ios-sdk" */ = {
			isa = XCRemoteSwiftPackageReference;
			repositoryURL = "https://github.com/firebase/firebase-ios-sdk.git";
			requirement = {
				kind = upToNextMajorVersion;
				minimumVersion = 11.8.1;
			};
		};
		1211FD632D7516C90027E8EC /* XCRemoteSwiftPackageReference "maplibre-navigation-ios" */ = {
			isa = XCRemoteSwiftPackageReference;
			repositoryURL = "https://github.com/maplibre/maplibre-navigation-ios";
			requirement = {
				kind = upToNextMajorVersion;
				minimumVersion = 4.0.0;
			};
		};
/* End XCRemoteSwiftPackageReference section */

/* Begin XCSwiftPackageProductDependency section */
		1211F9FA2D5B8C0B0027E8EC /* FirebaseAnalytics */ = {
			isa = XCSwiftPackageProductDependency;
			package = 1211F9F92D5B8C0B0027E8EC /* XCRemoteSwiftPackageReference "firebase-ios-sdk" */;
			productName = FirebaseAnalytics;
		};
		1211F9FC2D5B8C0B0027E8EC /* FirebaseAuth */ = {
			isa = XCSwiftPackageProductDependency;
			package = 1211F9F92D5B8C0B0027E8EC /* XCRemoteSwiftPackageReference "firebase-ios-sdk" */;
			productName = FirebaseAuth;
		};
		1211F9FE2D5B8C0B0027E8EC /* FirebaseFirestore */ = {
			isa = XCSwiftPackageProductDependency;
			package = 1211F9F92D5B8C0B0027E8EC /* XCRemoteSwiftPackageReference "firebase-ios-sdk" */;
			productName = FirebaseFirestore;
		};
		1211FA002D5B8C0B0027E8EC /* FirebaseFunctions */ = {
			isa = XCSwiftPackageProductDependency;
			package = 1211F9F92D5B8C0B0027E8EC /* XCRemoteSwiftPackageReference "firebase-ios-sdk" */;
			productName = FirebaseFunctions;
		};
		1211FA022D5B8C0B0027E8EC /* FirebaseMessaging */ = {
			isa = XCSwiftPackageProductDependency;
			package = 1211F9F92D5B8C0B0027E8EC /* XCRemoteSwiftPackageReference "firebase-ios-sdk" */;
			productName = FirebaseMessaging;
		};
		1211FD642D7516C90027E8EC /* MapboxNavigation */ = {
			isa = XCSwiftPackageProductDependency;
			package = 1211FD632D7516C90027E8EC /* XCRemoteSwiftPackageReference "maplibre-navigation-ios" */;
			productName = MapboxNavigation;
		};
/* End XCSwiftPackageProductDependency section */
	};
	rootObject = 1211F9E02D5B8ACA0027E8EC /* Project object */;
}
